
Microsoft Visual Studio Solution File, Format Version 12.00
# Visual Studio Version 17
VisualStudioVersion = 17.0.31903.59
MinimumVisualStudioVersion = 10.0.40219.1
Project("{FAE04EC0-301F-11D3-BF4B-00C04F79EFBC}") = "EasyCore.Quartz", "src\EasyCore.Quartz\EasyCore.Quartz.csproj", "{25CE8D55-7944-4453-9524-7F4EE44F3DBD}"
EndProject
Project("{FAE04EC0-301F-11D3-BF4B-00C04F79EFBC}") = "EasyCore.Quartz.MySql", "src\EasyCore.Quartz.MySql\EasyCore.Quartz.MySql.csproj", "{A6BD31FE-5322-4791-A1EE-DB048C6B9AB2}"
EndProject
Project("{FAE04EC0-301F-11D3-BF4B-00C04F79EFBC}") = "EasyCore.Quartz.SqlServer", "src\EasyCore.Quartz.SqlServer\EasyCore.Quartz.SqlServer.csproj", "{4B47DFF1-B50E-4E10-B7D8-9039448D651F}"
EndProject
Project("{FAE04EC0-301F-11D3-BF4B-00C04F79EFBC}") = "EasyCore.Quartz.PostgreSql", "src\EasyCore.Quartz.PostgreSql\EasyCore.Quartz.PostgreSql.csproj", "{708C7115-D008-4C31-B522-3B58E324B2E1}"
EndProject
Project("{FAE04EC0-301F-11D3-BF4B-00C04F79EFBC}") = "EasyCore.Quartz.Oracle", "src\EasyCore.Quartz.Oracle\EasyCore.Quartz.Oracle.csproj", "{1349CF3C-744A-4CD9-BF20-AA9C079F6385}"
EndProject
Project("{FAE04EC0-301F-11D3-BF4B-00C04F79EFBC}") = "WebApp.Quartz.InMemory", "demo\WebApp.Quartz.InMemory\WebApp.Quartz.InMemory.csproj", "{E7D9EFAF-0D6A-4D4F-AE4D-70108A70AB06}"
EndProject
Project("{FAE04EC0-301F-11D3-BF4B-00C04F79EFBC}") = "WebApp.Quartz.MySql", "demo\WebApp.Quartz.MySql\WebApp.Quartz.MySql.csproj", "{4C870FA0-69E1-4DEF-8265-5FD1F7F61D98}"
EndProject
Project("{FAE04EC0-301F-11D3-BF4B-00C04F79EFBC}") = "WebApp.Quartz.SqlServer", "demo\WebApp.Quartz.SqlServer\WebApp.Quartz.SqlServer.csproj", "{E5445AE0-1972-42EF-BBFC-E4472A02ADF8}"
EndProject
Project("{FAE04EC0-301F-11D3-BF4B-00C04F79EFBC}") = "WebApp.Quartz.PostgreSql", "demo\WebApp.Quartz.PostgreSql\WebApp.Quartz.PostgreSql.csproj", "{4B733E5F-577A-4F02-9B57-C0C8F4C7E704}"
EndProject
Project("{FAE04EC0-301F-11D3-BF4B-00C04F79EFBC}") = "WebApp.Quartz.Oracle", "demo\WebApp.Quartz.Oracle\WebApp.Quartz.Oracle.csproj", "{261409CB-57F5-4428-B9E5-D4769EB29674}"
EndProject
Project("{FAE04EC0-301F-11D3-BF4B-00C04F79EFBC}") = "EasyCore.Quartz.Tests", "tests\EasyCore.Quartz.Tests\EasyCore.Quartz.Tests.csproj", "{64A1557A-2727-4730-B1AB-A831B83C210D}"
EndProject
Project("{2150E333-8FDC-42A3-9474-1A3956D46DE8}") = "src", "src", "{02EA681E-C7D8-13C7-8484-4AC65E1B71E8}"
EndProject
Project("{2150E333-8FDC-42A3-9474-1A3956D46DE8}") = "test", "test", "{BA7CFDA7-486B-4573-94E3-9273ABE49E64}"
EndProject
Project("{2150E333-8FDC-42A3-9474-1A3956D46DE8}") = "demo", "demo", "{C2F034A4-AA02-4753-91A8-54C27703470D}"
EndProject
Project("{FAE04EC0-301F-11D3-BF4B-00C04F79EFBC}") = "EasyCore.Quartz.Dashboard", "src\EasyCore.Quartz.Dashboard\EasyCore.Quartz.Dashboard.csproj", "{F944A7AA-5883-41DF-9024-4D8AED8F2B57}"
EndProject
Global
	GlobalSection(SolutionConfigurationPlatforms) = preSolution
		Debug|Any CPU = Debug|Any CPU
		Debug|x64 = Debug|x64
		Debug|x86 = Debug|x86
		Release|Any CPU = Release|Any CPU
		Release|x64 = Release|x64
		Release|x86 = Release|x86
	EndGlobalSection
	GlobalSection(ProjectConfigurationPlatforms) = postSolution
		{25CE8D55-7944-4453-9524-7F4EE44F3DBD}.Debug|Any CPU.ActiveCfg = Debug|Any CPU
		{25CE8D55-7944-4453-9524-7F4EE44F3DBD}.Debug|Any CPU.Build.0 = Debug|Any CPU
		{25CE8D55-7944-4453-9524-7F4EE44F3DBD}.Debug|x64.ActiveCfg = Debug|Any CPU
		{25CE8D55-7944-4453-9524-7F4EE44F3DBD}.Debug|x64.Build.0 = Debug|Any CPU
		{25CE8D55-7944-4453-9524-7F4EE44F3DBD}.Debug|x86.ActiveCfg = Debug|Any CPU
		{25CE8D55-7944-4453-9524-7F4EE44F3DBD}.Debug|x86.Build.0 = Debug|Any CPU
		{25CE8D55-7944-4453-9524-7F4EE44F3DBD}.Release|Any CPU.ActiveCfg = Release|Any CPU
		{25CE8D55-7944-4453-9524-7F4EE44F3DBD}.Release|Any CPU.Build.0 = Release|Any CPU
		{25CE8D55-7944-4453-9524-7F4EE44F3DBD}.Release|x64.ActiveCfg = Release|Any CPU
		{25CE8D55-7944-4453-9524-7F4EE44F3DBD}.Release|x64.Build.0 = Release|Any CPU
		{25CE8D55-7944-4453-9524-7F4EE44F3DBD}.Release|x86.ActiveCfg = Release|Any CPU
		{25CE8D55-7944-4453-9524-7F4EE44F3DBD}.Release|x86.Build.0 = Release|Any CPU
		{A6BD31FE-5322-4791-A1EE-DB048C6B9AB2}.Debug|Any CPU.ActiveCfg = Debug|Any CPU
		{A6BD31FE-5322-4791-A1EE-DB048C6B9AB2}.Debug|Any CPU.Build.0 = Debug|Any CPU
		{A6BD31FE-5322-4791-A1EE-DB048C6B9AB2}.Debug|x64.ActiveCfg = Debug|Any CPU
		{A6BD31FE-5322-4791-A1EE-DB048C6B9AB2}.Debug|x64.Build.0 = Debug|Any CPU
		{A6BD31FE-5322-4791-A1EE-DB048C6B9AB2}.Debug|x86.ActiveCfg = Debug|Any CPU
		{A6BD31FE-5322-4791-A1EE-DB048C6B9AB2}.Debug|x86.Build.0 = Debug|Any CPU
		{A6BD31FE-5322-4791-A1EE-DB048C6B9AB2}.Release|Any CPU.ActiveCfg = Release|Any CPU
		{A6BD31FE-5322-4791-A1EE-DB048C6B9AB2}.Release|Any CPU.Build.0 = Release|Any CPU
		{A6BD31FE-5322-4791-A1EE-DB048C6B9AB2}.Release|x64.ActiveCfg = Release|Any CPU
		{A6BD31FE-5322-4791-A1EE-DB048C6B9AB2}.Release|x64.Build.0 = Release|Any CPU
		{A6BD31FE-5322-4791-A1EE-DB048C6B9AB2}.Release|x86.ActiveCfg = Release|Any CPU
		{A6BD31FE-5322-4791-A1EE-DB048C6B9AB2}.Release|x86.Build.0 = Release|Any CPU
		{4B47DFF1-B50E-4E10-B7D8-9039448D651F}.Debug|Any CPU.ActiveCfg = Debug|Any CPU
		{4B47DFF1-B50E-4E10-B7D8-9039448D651F}.Debug|Any CPU.Build.0 = Debug|Any CPU
		{4B47DFF1-B50E-4E10-B7D8-9039448D651F}.Debug|x64.ActiveCfg = Debug|Any CPU
		{4B47DFF1-B50E-4E10-B7D8-9039448D651F}.Debug|x64.Build.0 = Debug|Any CPU
		{4B47DFF1-B50E-4E10-B7D8-9039448D651F}.Debug|x86.ActiveCfg = Debug|Any CPU
		{4B47DFF1-B50E-4E10-B7D8-9039448D651F}.Debug|x86.Build.0 = Debug|Any CPU
		{4B47DFF1-B50E-4E10-B7D8-9039448D651F}.Release|Any CPU.ActiveCfg = Release|Any CPU
		{4B47DFF1-B50E-4E10-B7D8-9039448D651F}.Release|Any CPU.Build.0 = Release|Any CPU
		{4B47DFF1-B50E-4E10-B7D8-9039448D651F}.Release|x64.ActiveCfg = Release|Any CPU
		{4B47DFF1-B50E-4E10-B7D8-9039448D651F}.Release|x64.Build.0 = Release|Any CPU
		{4B47DFF1-B50E-4E10-B7D8-9039448D651F}.Release|x86.ActiveCfg = Release|Any CPU
		{4B47DFF1-B50E-4E10-B7D8-9039448D651F}.Release|x86.Build.0 = Release|Any CPU
		{708C7115-D008-4C31-B522-3B58E324B2E1}.Debug|Any CPU.ActiveCfg = Debug|Any CPU
		{708C7115-D008-4C31-B522-3B58E324B2E1}.Debug|Any CPU.Build.0 = Debug|Any CPU
		{708C7115-D008-4C31-B522-3B58E324B2E1}.Debug|x64.ActiveCfg = Debug|Any CPU
		{708C7115-D008-4C31-B522-3B58E324B2E1}.Debug|x64.Build.0 = Debug|Any CPU
		{708C7115-D008-4C31-B522-3B58E324B2E1}.Debug|x86.ActiveCfg = Debug|Any CPU
		{708C7115-D008-4C31-B522-3B58E324B2E1}.Debug|x86.Build.0 = Debug|Any CPU
		{708C7115-D008-4C31-B522-3B58E324B2E1}.Release|Any CPU.ActiveCfg = Release|Any CPU
		{708C7115-D008-4C31-B522-3B58E324B2E1}.Release|Any CPU.Build.0 = Release|Any CPU
		{708C7115-D008-4C31-B522-3B58E324B2E1}.Release|x64.ActiveCfg = Release|Any CPU
		{708C7115-D008-4C31-B522-3B58E324B2E1}.Release|x64.Build.0 = Release|Any CPU
		{708C7115-D008-4C31-B522-3B58E324B2E1}.Release|x86.ActiveCfg = Release|Any CPU
		{708C7115-D008-4C31-B522-3B58E324B2E1}.Release|x86.Build.0 = Release|Any CPU
		{1349CF3C-744A-4CD9-BF20-AA9C079F6385}.Debug|Any CPU.ActiveCfg = Debug|Any CPU
		{1349CF3C-744A-4CD9-BF20-AA9C079F6385}.Debug|Any CPU.Build.0 = Debug|Any CPU
		{1349CF3C-744A-4CD9-BF20-AA9C079F6385}.Debug|x64.ActiveCfg = Debug|Any CPU
		{1349CF3C-744A-4CD9-BF20-AA9C079F6385}.Debug|x64.Build.0 = Debug|Any CPU
		{1349CF3C-744A-4CD9-BF20-AA9C079F6385}.Debug|x86.ActiveCfg = Debug|Any CPU
		{1349CF3C-744A-4CD9-BF20-AA9C079F6385}.Debug|x86.Build.0 = Debug|Any CPU
		{1349CF3C-744A-4CD9-BF20-AA9C079F6385}.Release|Any CPU.ActiveCfg = Release|Any CPU
		{1349CF3C-744A-4CD9-BF20-AA9C079F6385}.Release|Any CPU.Build.0 = Release|Any CPU
		{1349CF3C-744A-4CD9-BF20-AA9C079F6385}.Release|x64.ActiveCfg = Release|Any CPU
		{1349CF3C-744A-4CD9-BF20-AA9C079F6385}.Release|x64.Build.0 = Release|Any CPU
		{1349CF3C-744A-4CD9-BF20-AA9C079F6385}.Release|x86.ActiveCfg = Release|Any CPU
		{1349CF3C-744A-4CD9-BF20-AA9C079F6385}.Release|x86.Build.0 = Release|Any CPU
		{E7D9EFAF-0D6A-4D4F-AE4D-70108A70AB06}.Debug|Any CPU.ActiveCfg = Debug|Any CPU
		{E7D9EFAF-0D6A-4D4F-AE4D-70108A70AB06}.Debug|Any CPU.Build.0 = Debug|Any CPU
		{E7D9EFAF-0D6A-4D4F-AE4D-70108A70AB06}.Debug|x64.ActiveCfg = Debug|Any CPU
		{E7D9EFAF-0D6A-4D4F-AE4D-70108A70AB06}.Debug|x64.Build.0 = Debug|Any CPU
		{E7D9EFAF-0D6A-4D4F-AE4D-70108A70AB06}.Debug|x86.ActiveCfg = Debug|Any CPU
		{E7D9EFAF-0D6A-4D4F-AE4D-70108A70AB06}.Debug|x86.Build.0 = Debug|Any CPU
		{E7D9EFAF-0D6A-4D4F-AE4D-70108A70AB06}.Release|Any CPU.ActiveCfg = Release|Any CPU
		{E7D9EFAF-0D6A-4D4F-AE4D-70108A70AB06}.Release|Any CPU.Build.0 = Release|Any CPU
		{E7D9EFAF-0D6A-4D4F-AE4D-70108A70AB06}.Release|x64.ActiveCfg = Release|Any CPU
		{E7D9EFAF-0D6A-4D4F-AE4D-70108A70AB06}.Release|x64.Build.0 = Release|Any CPU
		{E7D9EFAF-0D6A-4D4F-AE4D-70108A70AB06}.Release|x86.ActiveCfg = Release|Any CPU
		{E7D9EFAF-0D6A-4D4F-AE4D-70108A70AB06}.Release|x86.Build.0 = Release|Any CPU
		{4C870FA0-69E1-4DEF-8265-5FD1F7F61D98}.Debug|Any CPU.ActiveCfg = Debug|Any CPU
		{4C870FA0-69E1-4DEF-8265-5FD1F7F61D98}.Debug|Any CPU.Build.0 = Debug|Any CPU
		{4C870FA0-69E1-4DEF-8265-5FD1F7F61D98}.Debug|x64.ActiveCfg = Debug|Any CPU
		{4C870FA0-69E1-4DEF-8265-5FD1F7F61D98}.Debug|x64.Build.0 = Debug|Any CPU
		{4C870FA0-69E1-4DEF-8265-5FD1F7F61D98}.Debug|x86.ActiveCfg = Debug|Any CPU
		{4C870FA0-69E1-4DEF-8265-5FD1F7F61D98}.Debug|x86.Build.0 = Debug|Any CPU
		{4C870FA0-69E1-4DEF-8265-5FD1F7F61D98}.Release|Any CPU.ActiveCfg = Release|Any CPU
		{4C870FA0-69E1-4DEF-8265-5FD1F7F61D98}.Release|Any CPU.Build.0 = Release|Any CPU
		{4C870FA0-69E1-4DEF-8265-5FD1F7F61D98}.Release|x64.ActiveCfg = Release|Any CPU
		{4C870FA0-69E1-4DEF-8265-5FD1F7F61D98}.Release|x64.Build.0 = Release|Any CPU
		{4C870FA0-69E1-4DEF-8265-5FD1F7F61D98}.Release|x86.ActiveCfg = Release|Any CPU
		{4C870FA0-69E1-4DEF-8265-5FD1F7F61D98}.Release|x86.Build.0 = Release|Any CPU
		{E5445AE0-1972-42EF-BBFC-E4472A02ADF8}.Debug|Any CPU.ActiveCfg = Debug|Any CPU
		{E5445AE0-1972-42EF-BBFC-E4472A02ADF8}.Debug|Any CPU.Build.0 = Debug|Any CPU
		{E5445AE0-1972-42EF-BBFC-E4472A02ADF8}.Debug|x64.ActiveCfg = Debug|Any CPU
		{E5445AE0-1972-42EF-BBFC-E4472A02ADF8}.Debug|x64.Build.0 = Debug|Any CPU
		{E5445AE0-1972-42EF-BBFC-E4472A02ADF8}.Debug|x86.ActiveCfg = Debug|Any CPU
		{E5445AE0-1972-42EF-BBFC-E4472A02ADF8}.Debug|x86.Build.0 = Debug|Any CPU
		{E5445AE0-1972-42EF-BBFC-E4472A02ADF8}.Release|Any CPU.ActiveCfg = Release|Any CPU
		{E5445AE0-1972-42EF-BBFC-E4472A02ADF8}.Release|Any CPU.Build.0 = Release|Any CPU
		{E5445AE0-1972-42EF-BBFC-E4472A02ADF8}.Release|x64.ActiveCfg = Release|Any CPU
		{E5445AE0-1972-42EF-BBFC-E4472A02ADF8}.Release|x64.Build.0 = Release|Any CPU
		{E5445AE0-1972-42EF-BBFC-E4472A02ADF8}.Release|x86.ActiveCfg = Release|Any CPU
		{E5445AE0-1972-42EF-BBFC-E4472A02ADF8}.Release|x86.Build.0 = Release|Any CPU
		{4B733E5F-577A-4F02-9B57-C0C8F4C7E704}.Debug|Any CPU.ActiveCfg = Debug|Any CPU
		{4B733E5F-577A-4F02-9B57-C0C8F4C7E704}.Debug|Any CPU.Build.0 = Debug|Any CPU
		{4B733E5F-577A-4F02-9B57-C0C8F4C7E704}.Debug|x64.ActiveCfg = Debug|Any CPU
		{4B733E5F-577A-4F02-9B57-C0C8F4C7E704}.Debug|x64.Build.0 = Debug|Any CPU
		{4B733E5F-577A-4F02-9B57-C0C8F4C7E704}.Debug|x86.ActiveCfg = Debug|Any CPU
		{4B733E5F-577A-4F02-9B57-C0C8F4C7E704}.Debug|x86.Build.0 = Debug|Any CPU
		{4B733E5F-577A-4F02-9B57-C0C8F4C7E704}.Release|Any CPU.ActiveCfg = Release|Any CPU
		{4B733E5F-577A-4F02-9B57-C0C8F4C7E704}.Release|Any CPU.Build.0 = Release|Any CPU
		{4B733E5F-577A-4F02-9B57-C0C8F4C7E704}.Release|x64.ActiveCfg = Release|Any CPU
		{4B733E5F-577A-4F02-9B57-C0C8F4C7E704}.Release|x64.Build.0 = Release|Any CPU
		{4B733E5F-577A-4F02-9B57-C0C8F4C7E704}.Release|x86.ActiveCfg = Release|Any CPU
		{4B733E5F-577A-4F02-9B57-C0C8F4C7E704}.Release|x86.Build.0 = Release|Any CPU
		{261409CB-57F5-4428-B9E5-D4769EB29674}.Debug|Any CPU.ActiveCfg = Debug|Any CPU
		{261409CB-57F5-4428-B9E5-D4769EB29674}.Debug|Any CPU.Build.0 = Debug|Any CPU
		{261409CB-57F5-4428-B9E5-D4769EB29674}.Debug|x64.ActiveCfg = Debug|Any CPU
		{261409CB-57F5-4428-B9E5-D4769EB29674}.Debug|x64.Build.0 = Debug|Any CPU
		{261409CB-57F5-4428-B9E5-D4769EB29674}.Debug|x86.ActiveCfg = Debug|Any CPU
		{261409CB-57F5-4428-B9E5-D4769EB29674}.Debug|x86.Build.0 = Debug|Any CPU
		{261409CB-57F5-4428-B9E5-D4769EB29674}.Release|Any CPU.ActiveCfg = Release|Any CPU
		{261409CB-57F5-4428-B9E5-D4769EB29674}.Release|Any CPU.Build.0 = Release|Any CPU
		{261409CB-57F5-4428-B9E5-D4769EB29674}.Release|x64.ActiveCfg = Release|Any CPU
		{261409CB-57F5-4428-B9E5-D4769EB29674}.Release|x64.Build.0 = Release|Any CPU
		{261409CB-57F5-4428-B9E5-D4769EB29674}.Release|x86.ActiveCfg = Release|Any CPU
		{261409CB-57F5-4428-B9E5-D4769EB29674}.Release|x86.Build.0 = Release|Any CPU
		{64A1557A-2727-4730-B1AB-A831B83C210D}.Debug|Any CPU.ActiveCfg = Debug|Any CPU
		{64A1557A-2727-4730-B1AB-A831B83C210D}.Debug|Any CPU.Build.0 = Debug|Any CPU
		{64A1557A-2727-4730-B1AB-A831B83C210D}.Debug|x64.ActiveCfg = Debug|Any CPU
		{64A1557A-2727-4730-B1AB-A831B83C210D}.Debug|x64.Build.0 = Debug|Any CPU
		{64A1557A-2727-4730-B1AB-A831B83C210D}.Debug|x86.ActiveCfg = Debug|Any CPU
		{64A1557A-2727-4730-B1AB-A831B83C210D}.Debug|x86.Build.0 = Debug|Any CPU
		{64A1557A-2727-4730-B1AB-A831B83C210D}.Release|Any CPU.ActiveCfg = Release|Any CPU
		{64A1557A-2727-4730-B1AB-A831B83C210D}.Release|Any CPU.Build.0 = Release|Any CPU
		{64A1557A-2727-4730-B1AB-A831B83C210D}.Release|x64.ActiveCfg = Release|Any CPU
		{64A1557A-2727-4730-B1AB-A831B83C210D}.Release|x64.Build.0 = Release|Any CPU
		{64A1557A-2727-4730-B1AB-A831B83C210D}.Release|x86.ActiveCfg = Release|Any CPU
		{64A1557A-2727-4730-B1AB-A831B83C210D}.Release|x86.Build.0 = Release|Any CPU
		{F944A7AA-5883-41DF-9024-4D8AED8F2B57}.Debug|Any CPU.ActiveCfg = Debug|Any CPU
		{F944A7AA-5883-41DF-9024-4D8AED8F2B57}.Debug|Any CPU.Build.0 = Debug|Any CPU
		{F944A7AA-5883-41DF-9024-4D8AED8F2B57}.Debug|x64.ActiveCfg = Debug|Any CPU
		{F944A7AA-5883-41DF-9024-4D8AED8F2B57}.Debug|x64.Build.0 = Debug|Any CPU
		{F944A7AA-5883-41DF-9024-4D8AED8F2B57}.Debug|x86.ActiveCfg = Debug|Any CPU
		{F944A7AA-5883-41DF-9024-4D8AED8F2B57}.Debug|x86.Build.0 = Debug|Any CPU
		{F944A7AA-5883-41DF-9024-4D8AED8F2B57}.Release|Any CPU.ActiveCfg = Release|Any CPU
		{F944A7AA-5883-41DF-9024-4D8AED8F2B57}.Release|Any CPU.Build.0 = Release|Any CPU
		{F944A7AA-5883-41DF-9024-4D8AED8F2B57}.Release|x64.ActiveCfg = Release|Any CPU
		{F944A7AA-5883-41DF-9024-4D8AED8F2B57}.Release|x64.Build.0 = Release|Any CPU
		{F944A7AA-5883-41DF-9024-4D8AED8F2B57}.Release|x86.ActiveCfg = Release|Any CPU
		{F944A7AA-5883-41DF-9024-4D8AED8F2B57}.Release|x86.Build.0 = Release|Any CPU
	EndGlobalSection
	GlobalSection(SolutionProperties) = preSolution
		HideSolutionNode = FALSE
	EndGlobalSection
	GlobalSection(NestedProjects) = preSolution
		{25CE8D55-7944-4453-9524-7F4EE44F3DBD} = {02EA681E-C7D8-13C7-8484-4AC65E1B71E8}
		{A6BD31FE-5322-4791-A1EE-DB048C6B9AB2} = {02EA681E-C7D8-13C7-8484-4AC65E1B71E8}
		{4B47DFF1-B50E-4E10-B7D8-9039448D651F} = {02EA681E-C7D8-13C7-8484-4AC65E1B71E8}
		{708C7115-D008-4C31-B522-3B58E324B2E1} = {02EA681E-C7D8-13C7-8484-4AC65E1B71E8}
		{1349CF3C-744A-4CD9-BF20-AA9C079F6385} = {02EA681E-C7D8-13C7-8484-4AC65E1B71E8}
		{E7D9EFAF-0D6A-4D4F-AE4D-70108A70AB06} = {C2F034A4-AA02-4753-91A8-54C27703470D}
		{4C870FA0-69E1-4DEF-8265-5FD1F7F61D98} = {C2F034A4-AA02-4753-91A8-54C27703470D}
		{E5445AE0-1972-42EF-BBFC-E4472A02ADF8} = {C2F034A4-AA02-4753-91A8-54C27703470D}
		{4B733E5F-577A-4F02-9B57-C0C8F4C7E704} = {C2F034A4-AA02-4753-91A8-54C27703470D}
		{261409CB-57F5-4428-B9E5-D4769EB29674} = {C2F034A4-AA02-4753-91A8-54C27703470D}
		{64A1557A-2727-4730-B1AB-A831B83C210D} = {BA7CFDA7-486B-4573-94E3-9273ABE49E64}
		{F944A7AA-5883-41DF-9024-4D8AED8F2B57} = {02EA681E-C7D8-13C7-8484-4AC65E1B71E8}
	EndGlobalSection
EndGlobal
